
Microsoft Visual Studio Solution File, Format Version 12.00
# Visual Studio Version 17
Project("{8BC9CEB8-8B4A-11D0-8D11-00A0C91BC942}") = "ALL_BUILD", "ALL_BUILD.vcxproj", "{BD1BD833-F468-3D90-8B06-7971E5AFFEAC}"
	ProjectSection(ProjectDependencies) = postProject
		{06F59DDF-1ADA-3BFB-8E47-A1CB11271AE3} = {06F59DDF-1ADA-3BFB-8E47-A1CB11271AE3}
		{C4423911-DB31-35CF-BB5A-1174B7D0DB69} = {C4423911-DB31-35CF-BB5A-1174B7D0DB69}
		{0BC8BBD1-AF26-364F-9EFB-068DC1799C1E} = {0BC8BBD1-AF26-364F-9EFB-068DC1799C1E}
		{D3E4EF8C-1769-373F-97A5-542785D5C05E} = {D3E4EF8C-1769-373F-97A5-542785D5C05E}
		{0C4BADC9-AFCE-3D06-938E-9A4B383F8577} = {0C4BADC9-AFCE-3D06-938E-9A4B383F8577}
		{ACD425D6-459F-3EDD-AA4C-715050A57870} = {ACD425D6-459F-3EDD-AA4C-715050A57870}
		{E50AD9F5-0FEB-3B43-B634-A4177FC077E6} = {E50AD9F5-0FEB-3B43-B634-A4177FC077E6}
	EndProjectSection
EndProject
Project("{8BC9CEB8-8B4A-11D0-8D11-00A0C91BC942}") = "API", "API.vcxproj", "{06F59DDF-1ADA-3BFB-8E47-A1CB11271AE3}"
	ProjectSection(ProjectDependencies) = postProject
		{0BC8BBD1-AF26-364F-9EFB-068DC1799C1E} = {0BC8BBD1-AF26-364F-9EFB-068DC1799C1E}
		{0C4BADC9-AFCE-3D06-938E-9A4B383F8577} = {0C4BADC9-AFCE-3D06-938E-9A4B383F8577}
		{ACD425D6-459F-3EDD-AA4C-715050A57870} = {ACD425D6-459F-3EDD-AA4C-715050A57870}
		{E50AD9F5-0FEB-3B43-B634-A4177FC077E6} = {E50AD9F5-0FEB-3B43-B634-A4177FC077E6}
	EndProjectSection
EndProject
Project("{8BC9CEB8-8B4A-11D0-8D11-00A0C91BC942}") = "Static_lib", "Static_lib.vcxproj", "{C4423911-DB31-35CF-BB5A-1174B7D0DB69}"
	ProjectSection(ProjectDependencies) = postProject
		{0BC8BBD1-AF26-364F-9EFB-068DC1799C1E} = {0BC8BBD1-AF26-364F-9EFB-068DC1799C1E}
		{0C4BADC9-AFCE-3D06-938E-9A4B383F8577} = {0C4BADC9-AFCE-3D06-938E-9A4B383F8577}
		{ACD425D6-459F-3EDD-AA4C-715050A57870} = {ACD425D6-459F-3EDD-AA4C-715050A57870}
		{E50AD9F5-0FEB-3B43-B634-A4177FC077E6} = {E50AD9F5-0FEB-3B43-B634-A4177FC077E6}
	EndProjectSection
EndProject
Project("{8BC9CEB8-8B4A-11D0-8D11-00A0C91BC942}") = "ZERO_CHECK", "ZERO_CHECK.vcxproj", "{0BC8BBD1-AF26-364F-9EFB-068DC1799C1E}"
	ProjectSection(ProjectDependencies) = postProject
	EndProjectSection
EndProject
Project("{8BC9CEB8-8B4A-11D0-8D11-00A0C91BC942}") = "myAPI", "myAPI.vcxproj", "{D3E4EF8C-1769-373F-97A5-542785D5C05E}"
	ProjectSection(ProjectDependencies) = postProject
		{C4423911-DB31-35CF-BB5A-1174B7D0DB69} = {C4423911-DB31-35CF-BB5A-1174B7D0DB69}
		{0BC8BBD1-AF26-364F-9EFB-068DC1799C1E} = {0BC8BBD1-AF26-364F-9EFB-068DC1799C1E}
		{0C4BADC9-AFCE-3D06-938E-9A4B383F8577} = {0C4BADC9-AFCE-3D06-938E-9A4B383F8577}
		{ACD425D6-459F-3EDD-AA4C-715050A57870} = {ACD425D6-459F-3EDD-AA4C-715050A57870}
		{E50AD9F5-0FEB-3B43-B634-A4177FC077E6} = {E50AD9F5-0FEB-3B43-B634-A4177FC077E6}
	EndProjectSection
EndProject
Project("{8BC9CEB8-8B4A-11D0-8D11-00A0C91BC942}") = "random", "random.vcxproj", "{0C4BADC9-AFCE-3D06-938E-9A4B383F8577}"
	ProjectSection(ProjectDependencies) = postProject
		{0BC8BBD1-AF26-364F-9EFB-068DC1799C1E} = {0BC8BBD1-AF26-364F-9EFB-068DC1799C1E}
	EndProjectSection
EndProject
Project("{8BC9CEB8-8B4A-11D0-8D11-00A0C91BC942}") = "shapes", "shapes.vcxproj", "{ACD425D6-459F-3EDD-AA4C-715050A57870}"
	ProjectSection(ProjectDependencies) = postProject
		{0BC8BBD1-AF26-364F-9EFB-068DC1799C1E} = {0BC8BBD1-AF26-364F-9EFB-068DC1799C1E}
		{0C4BADC9-AFCE-3D06-938E-9A4B383F8577} = {0C4BADC9-AFCE-3D06-938E-9A4B383F8577}
	EndProjectSection
EndProject
Project("{8BC9CEB8-8B4A-11D0-8D11-00A0C91BC942}") = "writeinfile", "writeinfile.vcxproj", "{E50AD9F5-0FEB-3B43-B634-A4177FC077E6}"
	ProjectSection(ProjectDependencies) = postProject
		{0BC8BBD1-AF26-364F-9EFB-068DC1799C1E} = {0BC8BBD1-AF26-364F-9EFB-068DC1799C1E}
	EndProjectSection
EndProject
Global
	GlobalSection(SolutionConfigurationPlatforms) = preSolution
		Debug|x64 = Debug|x64
		Release|x64 = Release|x64
		MinSizeRel|x64 = MinSizeRel|x64
		RelWithDebInfo|x64 = RelWithDebInfo|x64
	EndGlobalSection
	GlobalSection(ProjectConfigurationPlatforms) = postSolution
		{BD1BD833-F468-3D90-8B06-7971E5AFFEAC}.Debug|x64.ActiveCfg = Debug|x64
		{BD1BD833-F468-3D90-8B06-7971E5AFFEAC}.Release|x64.ActiveCfg = Release|x64
		{BD1BD833-F468-3D90-8B06-7971E5AFFEAC}.MinSizeRel|x64.ActiveCfg = MinSizeRel|x64
		{BD1BD833-F468-3D90-8B06-7971E5AFFEAC}.RelWithDebInfo|x64.ActiveCfg = RelWithDebInfo|x64
		{06F59DDF-1ADA-3BFB-8E47-A1CB11271AE3}.Debug|x64.ActiveCfg = Debug|x64
		{06F59DDF-1ADA-3BFB-8E47-A1CB11271AE3}.Debug|x64.Build.0 = Debug|x64
		{06F59DDF-1ADA-3BFB-8E47-A1CB11271AE3}.Release|x64.ActiveCfg = Release|x64
		{06F59DDF-1ADA-3BFB-8E47-A1CB11271AE3}.Release|x64.Build.0 = Release|x64
		{06F59DDF-1ADA-3BFB-8E47-A1CB11271AE3}.MinSizeRel|x64.ActiveCfg = MinSizeRel|x64
		{06F59DDF-1ADA-3BFB-8E47-A1CB11271AE3}.MinSizeRel|x64.Build.0 = MinSizeRel|x64
		{06F59DDF-1ADA-3BFB-8E47-A1CB11271AE3}.RelWithDebInfo|x64.ActiveCfg = RelWithDebInfo|x64
		{06F59DDF-1ADA-3BFB-8E47-A1CB11271AE3}.RelWithDebInfo|x64.Build.0 = RelWithDebInfo|x64
		{C4423911-DB31-35CF-BB5A-1174B7D0DB69}.Debug|x64.ActiveCfg = Debug|x64
		{C4423911-DB31-35CF-BB5A-1174B7D0DB69}.Debug|x64.Build.0 = Debug|x64
		{C4423911-DB31-35CF-BB5A-1174B7D0DB69}.Release|x64.ActiveCfg = Release|x64
		{C4423911-DB31-35CF-BB5A-1174B7D0DB69}.Release|x64.Build.0 = Release|x64
		{C4423911-DB31-35CF-BB5A-1174B7D0DB69}.MinSizeRel|x64.ActiveCfg = MinSizeRel|x64
		{C4423911-DB31-35CF-BB5A-1174B7D0DB69}.MinSizeRel|x64.Build.0 = MinSizeRel|x64
		{C4423911-DB31-35CF-BB5A-1174B7D0DB69}.RelWithDebInfo|x64.ActiveCfg = RelWithDebInfo|x64
		{C4423911-DB31-35CF-BB5A-1174B7D0DB69}.RelWithDebInfo|x64.Build.0 = RelWithDebInfo|x64
		{0BC8BBD1-AF26-364F-9EFB-068DC1799C1E}.Debug|x64.ActiveCfg = Debug|x64
		{0BC8BBD1-AF26-364F-9EFB-068DC1799C1E}.Debug|x64.Build.0 = Debug|x64
		{0BC8BBD1-AF26-364F-9EFB-068DC1799C1E}.Release|x64.ActiveCfg = Release|x64
		{0BC8BBD1-AF26-364F-9EFB-068DC1799C1E}.Release|x64.Build.0 = Release|x64
		{0BC8BBD1-AF26-364F-9EFB-068DC1799C1E}.MinSizeRel|x64.ActiveCfg = MinSizeRel|x64
		{0BC8BBD1-AF26-364F-9EFB-068DC1799C1E}.MinSizeRel|x64.Build.0 = MinSizeRel|x64
		{0BC8BBD1-AF26-364F-9EFB-068DC1799C1E}.RelWithDebInfo|x64.ActiveCfg = RelWithDebInfo|x64
		{0BC8BBD1-AF26-364F-9EFB-068DC1799C1E}.RelWithDebInfo|x64.Build.0 = RelWithDebInfo|x64
		{D3E4EF8C-1769-373F-97A5-542785D5C05E}.Debug|x64.ActiveCfg = Debug|x64
		{D3E4EF8C-1769-373F-97A5-542785D5C05E}.Debug|x64.Build.0 = Debug|x64
		{D3E4EF8C-1769-373F-97A5-542785D5C05E}.Release|x64.ActiveCfg = Release|x64
		{D3E4EF8C-1769-373F-97A5-542785D5C05E}.Release|x64.Build.0 = Release|x64
		{D3E4EF8C-1769-373F-97A5-542785D5C05E}.MinSizeRel|x64.ActiveCfg = MinSizeRel|x64
		{D3E4EF8C-1769-373F-97A5-542785D5C05E}.MinSizeRel|x64.Build.0 = MinSizeRel|x64
		{D3E4EF8C-1769-373F-97A5-542785D5C05E}.RelWithDebInfo|x64.ActiveCfg = RelWithDebInfo|x64
		{D3E4EF8C-1769-373F-97A5-542785D5C05E}.RelWithDebInfo|x64.Build.0 = RelWithDebInfo|x64
		{0C4BADC9-AFCE-3D06-938E-9A4B383F8577}.Debug|x64.ActiveCfg = Debug|x64
		{0C4BADC9-AFCE-3D06-938E-9A4B383F8577}.Debug|x64.Build.0 = Debug|x64
		{0C4BADC9-AFCE-3D06-938E-9A4B383F8577}.Release|x64.ActiveCfg = Release|x64
		{0C4BADC9-AFCE-3D06-938E-9A4B383F8577}.Release|x64.Build.0 = Release|x64
		{0C4BADC9-AFCE-3D06-938E-9A4B383F8577}.MinSizeRel|x64.ActiveCfg = MinSizeRel|x64
		{0C4BADC9-AFCE-3D06-938E-9A4B383F8577}.MinSizeRel|x64.Build.0 = MinSizeRel|x64
		{0C4BADC9-AFCE-3D06-938E-9A4B383F8577}.RelWithDebInfo|x64.ActiveCfg = RelWithDebInfo|x64
		{0C4BADC9-AFCE-3D06-938E-9A4B383F8577}.RelWithDebInfo|x64.Build.0 = RelWithDebInfo|x64
		{ACD425D6-459F-3EDD-AA4C-715050A57870}.Debug|x64.ActiveCfg = Debug|x64
		{ACD425D6-459F-3EDD-AA4C-715050A57870}.Debug|x64.Build.0 = Debug|x64
		{ACD425D6-459F-3EDD-AA4C-715050A57870}.Release|x64.ActiveCfg = Release|x64
		{ACD425D6-459F-3EDD-AA4C-715050A57870}.Release|x64.Build.0 = Release|x64
		{ACD425D6-459F-3EDD-AA4C-715050A57870}.MinSizeRel|x64.ActiveCfg = MinSizeRel|x64
		{ACD425D6-459F-3EDD-AA4C-715050A57870}.MinSizeRel|x64.Build.0 = MinSizeRel|x64
		{ACD425D6-459F-3EDD-AA4C-715050A57870}.RelWithDebInfo|x64.ActiveCfg = RelWithDebInfo|x64
		{ACD425D6-459F-3EDD-AA4C-715050A57870}.RelWithDebInfo|x64.Build.0 = RelWithDebInfo|x64
		{E50AD9F5-0FEB-3B43-B634-A4177FC077E6}.Debug|x64.ActiveCfg = Debug|x64
		{E50AD9F5-0FEB-3B43-B634-A4177FC077E6}.Debug|x64.Build.0 = Debug|x64
		{E50AD9F5-0FEB-3B43-B634-A4177FC077E6}.Release|x64.ActiveCfg = Release|x64
		{E50AD9F5-0FEB-3B43-B634-A4177FC077E6}.Release|x64.Build.0 = Release|x64
		{E50AD9F5-0FEB-3B43-B634-A4177FC077E6}.MinSizeRel|x64.ActiveCfg = MinSizeRel|x64
		{E50AD9F5-0FEB-3B43-B634-A4177FC077E6}.MinSizeRel|x64.Build.0 = MinSizeRel|x64
		{E50AD9F5-0FEB-3B43-B634-A4177FC077E6}.RelWithDebInfo|x64.ActiveCfg = RelWithDebInfo|x64
		{E50AD9F5-0FEB-3B43-B634-A4177FC077E6}.RelWithDebInfo|x64.Build.0 = RelWithDebInfo|x64
	EndGlobalSection
	GlobalSection(ExtensibilityGlobals) = postSolution
		SolutionGuid = {28DAA9B2-6067-309E-98D1-5283829E6766}
	EndGlobalSection
	GlobalSection(ExtensibilityAddIns) = postSolution
	EndGlobalSection
EndGlobal
